{
  "version": 4,
  "terraform_version": "1.15.5",
  "serial": 2,
  "lineage": "6abc62ec-55ec-d8f7-996a-d201ef554a8d",
  "outputs": {
    "public_ip_address": {
      "value": null,
      "type": "string"
    }
  },
  "resources": [
    {
      "mode": "managed",
      "type": "azurerm_resource_group",
      "name": "rg",
      "provider": "provider[\"registry.terraform.io/hashicorp/azurerm\"]",
      "instances": [
        {
          "schema_version": 0,
          "attributes": {
            "id": "/subscriptions/1e36dc78-aea7-4f02-ae6c-ae56b5ba849e/resourceGroups/rg-fitness-final",
            "location": "westeurope",
            "managed_by": "",
            "name": "rg-fitness-final",
            "tags": {},
            "timeouts": null
          },
          "sensitive_attributes": [],
          "identity_schema_version": 0,
          "identity": {
            "name": "rg-fitness-final",
            "subscription_id": "1e36dc78-aea7-4f02-ae6c-ae56b5ba849e"
          },
          "private": "eyJlMmJmYjczMC1lY2FhLTExZTYtOGY4OC0zNDM2M2JjN2M0YzAiOnsiY3JlYXRlIjo1NDAwMDAwMDAwMDAwLCJkZWxldGUiOjU0MDAwMDAwMDAwMDAsInJlYWQiOjMwMDAwMDAwMDAwMCwidXBkYXRlIjo1NDAwMDAwMDAwMDAwfSwic2NoZW1hX3ZlcnNpb24iOiIwIn0="
        }
      ]
    }
  ],
  "check_results": null
}
